
Microsoft Visual Studio Solution File, Format Version 12.00
# Visual Studio Version 17
VisualStudioVersion = 17.7.34221.43
MinimumVisualStudioVersion = 10.0.40219.1
Project("{FAE04EC0-301F-11D3-BF4B-00C04F79EFBC}") = "WindowsFormApi", "WindowsFormApi\WindowsFormApi.csproj", "{7FC63CD8-567A-4385-9393-61032CE392FE}"
EndProject
Global
	GlobalSection(SolutionConfigurationPlatforms) = preSolution
		Debug|Any CPU = Debug|Any CPU
		Release|Any CPU = Release|Any CPU
	EndGlobalSection
	GlobalSection(ProjectConfigurationPlatforms) = postSolution
		{7FC63CD8-567A-4385-9393-61032CE392FE}.Debug|Any CPU.ActiveCfg = Debug|Any CPU
		{7FC63CD8-567A-4385-9393-61032CE392FE}.Debug|Any CPU.Build.0 = Debug|Any CPU
		{7FC63CD8-567A-4385-9393-61032CE392FE}.Release|Any CPU.ActiveCfg = Release|Any CPU
		{7FC63CD8-567A-4385-9393-61032CE392FE}.Release|Any CPU.Build.0 = Release|Any CPU
	EndGlobalSection
	GlobalSection(SolutionProperties) = preSolution
		HideSolutionNode = FALSE
	EndGlobalSection
	GlobalSection(ExtensibilityGlobals) = postSolution
		SolutionGuid = {34A2751E-A8DB-4C59-BB71-D89B261CF4C3}
	EndGlobalSection
EndGlobal
